github.com/BurntSushi/toml v1.6.0 h1:dRaEfpa2VI55EwlIW72hMRHdWouJeRF7TPYhI+AUQjk=
github.com/BurntSushi/toml v1.6.0/go.mod h1:ukJfTF/6rtPPRCnwkur4qwRxa8vTRFBF0uk2lLoLwho=
github.com/go-ego/gse v1.0.2 h1:+27lYFPhQEhA9igtdOsJPRKYL/k3TwYsxBF5jr6KFv4=
github.com/go-ego/gse v1.0.2/go.mod h1:Fy35G+q7VV7Et1zIKO8o/sW1kkugV3znXap/lF/11zc=
github.com/vcaesar/cedar v0.30.0 h1:9fSDpM7FTjjUdPiBUUa0MWYMRGSEcqgFXvppZcZ4d7Y=
github.com/vcaesar/cedar v0.30.0/go.mod h1:lyuGvALuZZDPNXwpzv/9LyxW+8Y6faN7zauFezNsnik=
github.com/yanyiwu/gojieba v1.4.7 h1:2YkXELcYLTE0SJetq6xv4MjpEikWga6VpFn4jIFFQ/k=
github.com/yanyiwu/gojieba v1.4.7/go.mod h1:JUq4DddFVGdHXJHxxepxRmhrKlDpaBxR8O28v6fKYLY=
